
Microsoft Visual Studio Solution File, Format Version 12.00
# Visual Studio Version 16
VisualStudioVersion = 16.0.30114.105
MinimumVisualStudioVersion = 10.0.40219.1
Project("{2150E333-8FDC-42A3-9474-1A3956D46DE8}") = "src", "src", "{DAF201A5-0693-4D8C-9A3D-A1408492D1D7}"
EndProject
Project("{FAE04EC0-301F-11D3-BF4B-00C04F79EFBC}") = "Poco", "src\Poco\Poco.csproj", "{A3A1B3AC-0780-4EFD-B941-6787FC28A1A1}"
EndProject
Project("{FAE04EC0-301F-11D3-BF4B-00C04F79EFBC}") = "Business", "src\Business\Business.csproj", "{7E46333C-D209-4D5A-A20F-CE780D624345}"
EndProject
Project("{FAE04EC0-301F-11D3-BF4B-00C04F79EFBC}") = "DataAccess", "src\DataAccess\DataAccess.csproj", "{DD94DA79-65E4-49E0-9760-27E0A255895F}"
EndProject
Project("{FAE04EC0-301F-11D3-BF4B-00C04F79EFBC}") = "TestConsole", "src\TestConsole\TestConsole.csproj", "{B57E1235-7652-41CC-9B4A-5DB6B6DFC9C2}"
EndProject
Project("{2150E333-8FDC-42A3-9474-1A3956D46DE8}") = "tests", "tests", "{588CEBE4-3429-4C63-92FB-3EEE54BFD41A}"
EndProject
Project("{FAE04EC0-301F-11D3-BF4B-00C04F79EFBC}") = "UnitTests", "tests\UnitTests\UnitTests.csproj", "{0B257086-C491-4D9B-B1A3-11B18A6A66FF}"
EndProject
Global
	GlobalSection(SolutionConfigurationPlatforms) = preSolution
		Debug|Any CPU = Debug|Any CPU
		Debug|x64 = Debug|x64
		Debug|x86 = Debug|x86
		Release|Any CPU = Release|Any CPU
		Release|x64 = Release|x64
		Release|x86 = Release|x86
	EndGlobalSection
	GlobalSection(SolutionProperties) = preSolution
		HideSolutionNode = FALSE
	EndGlobalSection
	GlobalSection(ProjectConfigurationPlatforms) = postSolution
		{A3A1B3AC-0780-4EFD-B941-6787FC28A1A1}.Debug|Any CPU.ActiveCfg = Debug|Any CPU
		{A3A1B3AC-0780-4EFD-B941-6787FC28A1A1}.Debug|Any CPU.Build.0 = Debug|Any CPU
		{A3A1B3AC-0780-4EFD-B941-6787FC28A1A1}.Debug|x64.ActiveCfg = Debug|Any CPU
		{A3A1B3AC-0780-4EFD-B941-6787FC28A1A1}.Debug|x64.Build.0 = Debug|Any CPU
		{A3A1B3AC-0780-4EFD-B941-6787FC28A1A1}.Debug|x86.ActiveCfg = Debug|Any CPU
		{A3A1B3AC-0780-4EFD-B941-6787FC28A1A1}.Debug|x86.Build.0 = Debug|Any CPU
		{A3A1B3AC-0780-4EFD-B941-6787FC28A1A1}.Release|Any CPU.ActiveCfg = Release|Any CPU
		{A3A1B3AC-0780-4EFD-B941-6787FC28A1A1}.Release|Any CPU.Build.0 = Release|Any CPU
		{A3A1B3AC-0780-4EFD-B941-6787FC28A1A1}.Release|x64.ActiveCfg = Release|Any CPU
		{A3A1B3AC-0780-4EFD-B941-6787FC28A1A1}.Release|x64.Build.0 = Release|Any CPU
		{A3A1B3AC-0780-4EFD-B941-6787FC28A1A1}.Release|x86.ActiveCfg = Release|Any CPU
		{A3A1B3AC-0780-4EFD-B941-6787FC28A1A1}.Release|x86.Build.0 = Release|Any CPU
		{7E46333C-D209-4D5A-A20F-CE780D624345}.Debug|Any CPU.ActiveCfg = Debug|Any CPU
		{7E46333C-D209-4D5A-A20F-CE780D624345}.Debug|Any CPU.Build.0 = Debug|Any CPU
		{7E46333C-D209-4D5A-A20F-CE780D624345}.Debug|x64.ActiveCfg = Debug|Any CPU
		{7E46333C-D209-4D5A-A20F-CE780D624345}.Debug|x64.Build.0 = Debug|Any CPU
		{7E46333C-D209-4D5A-A20F-CE780D624345}.Debug|x86.ActiveCfg = Debug|Any CPU
		{7E46333C-D209-4D5A-A20F-CE780D624345}.Debug|x86.Build.0 = Debug|Any CPU
		{7E46333C-D209-4D5A-A20F-CE780D624345}.Release|Any CPU.ActiveCfg = Release|Any CPU
		{7E46333C-D209-4D5A-A20F-CE780D624345}.Release|Any CPU.Build.0 = Release|Any CPU
		{7E46333C-D209-4D5A-A20F-CE780D624345}.Release|x64.ActiveCfg = Release|Any CPU
		{7E46333C-D209-4D5A-A20F-CE780D624345}.Release|x64.Build.0 = Release|Any CPU
		{7E46333C-D209-4D5A-A20F-CE780D624345}.Release|x86.ActiveCfg = Release|Any CPU
		{7E46333C-D209-4D5A-A20F-CE780D624345}.Release|x86.Build.0 = Release|Any CPU
		{DD94DA79-65E4-49E0-9760-27E0A255895F}.Debug|Any CPU.ActiveCfg = Debug|Any CPU
		{DD94DA79-65E4-49E0-9760-27E0A255895F}.Debug|Any CPU.Build.0 = Debug|Any CPU
		{DD94DA79-65E4-49E0-9760-27E0A255895F}.Debug|x64.ActiveCfg = Debug|Any CPU
		{DD94DA79-65E4-49E0-9760-27E0A255895F}.Debug|x64.Build.0 = Debug|Any CPU
		{DD94DA79-65E4-49E0-9760-27E0A255895F}.Debug|x86.ActiveCfg = Debug|Any CPU
		{DD94DA79-65E4-49E0-9760-27E0A255895F}.Debug|x86.Build.0 = Debug|Any CPU
		{DD94DA79-65E4-49E0-9760-27E0A255895F}.Release|Any CPU.ActiveCfg = Release|Any CPU
		{DD94DA79-65E4-49E0-9760-27E0A255895F}.Release|Any CPU.Build.0 = Release|Any CPU
		{DD94DA79-65E4-49E0-9760-27E0A255895F}.Release|x64.ActiveCfg = Release|Any CPU
		{DD94DA79-65E4-49E0-9760-27E0A255895F}.Release|x64.Build.0 = Release|Any CPU
		{DD94DA79-65E4-49E0-9760-27E0A255895F}.Release|x86.ActiveCfg = Release|Any CPU
		{DD94DA79-65E4-49E0-9760-27E0A255895F}.Release|x86.Build.0 = Release|Any CPU
		{B57E1235-7652-41CC-9B4A-5DB6B6DFC9C2}.Debug|Any CPU.ActiveCfg = Debug|Any CPU
		{B57E1235-7652-41CC-9B4A-5DB6B6DFC9C2}.Debug|Any CPU.Build.0 = Debug|Any CPU
		{B57E1235-7652-41CC-9B4A-5DB6B6DFC9C2}.Debug|x64.ActiveCfg = Debug|Any CPU
		{B57E1235-7652-41CC-9B4A-5DB6B6DFC9C2}.Debug|x64.Build.0 = Debug|Any CPU
		{B57E1235-7652-41CC-9B4A-5DB6B6DFC9C2}.Debug|x86.ActiveCfg = Debug|Any CPU
		{B57E1235-7652-41CC-9B4A-5DB6B6DFC9C2}.Debug|x86.Build.0 = Debug|Any CPU
		{B57E1235-7652-41CC-9B4A-5DB6B6DFC9C2}.Release|Any CPU.ActiveCfg = Release|Any CPU
		{B57E1235-7652-41CC-9B4A-5DB6B6DFC9C2}.Release|Any CPU.Build.0 = Release|Any CPU
		{B57E1235-7652-41CC-9B4A-5DB6B6DFC9C2}.Release|x64.ActiveCfg = Release|Any CPU
		{B57E1235-7652-41CC-9B4A-5DB6B6DFC9C2}.Release|x64.Build.0 = Release|Any CPU
		{B57E1235-7652-41CC-9B4A-5DB6B6DFC9C2}.Release|x86.ActiveCfg = Release|Any CPU
		{B57E1235-7652-41CC-9B4A-5DB6B6DFC9C2}.Release|x86.Build.0 = Release|Any CPU
		{0B257086-C491-4D9B-B1A3-11B18A6A66FF}.Debug|Any CPU.ActiveCfg = Debug|Any CPU
		{0B257086-C491-4D9B-B1A3-11B18A6A66FF}.Debug|Any CPU.Build.0 = Debug|Any CPU
		{0B257086-C491-4D9B-B1A3-11B18A6A66FF}.Debug|x64.ActiveCfg = Debug|Any CPU
		{0B257086-C491-4D9B-B1A3-11B18A6A66FF}.Debug|x64.Build.0 = Debug|Any CPU
		{0B257086-C491-4D9B-B1A3-11B18A6A66FF}.Debug|x86.ActiveCfg = Debug|Any CPU
		{0B257086-C491-4D9B-B1A3-11B18A6A66FF}.Debug|x86.Build.0 = Debug|Any CPU
		{0B257086-C491-4D9B-B1A3-11B18A6A66FF}.Release|Any CPU.ActiveCfg = Release|Any CPU
		{0B257086-C491-4D9B-B1A3-11B18A6A66FF}.Release|Any CPU.Build.0 = Release|Any CPU
		{0B257086-C491-4D9B-B1A3-11B18A6A66FF}.Release|x64.ActiveCfg = Release|Any CPU
		{0B257086-C491-4D9B-B1A3-11B18A6A66FF}.Release|x64.Build.0 = Release|Any CPU
		{0B257086-C491-4D9B-B1A3-11B18A6A66FF}.Release|x86.ActiveCfg = Release|Any CPU
		{0B257086-C491-4D9B-B1A3-11B18A6A66FF}.Release|x86.Build.0 = Release|Any CPU
	EndGlobalSection
	GlobalSection(NestedProjects) = preSolution
		{A3A1B3AC-0780-4EFD-B941-6787FC28A1A1} = {DAF201A5-0693-4D8C-9A3D-A1408492D1D7}
		{7E46333C-D209-4D5A-A20F-CE780D624345} = {DAF201A5-0693-4D8C-9A3D-A1408492D1D7}
		{DD94DA79-65E4-49E0-9760-27E0A255895F} = {DAF201A5-0693-4D8C-9A3D-A1408492D1D7}
		{B57E1235-7652-41CC-9B4A-5DB6B6DFC9C2} = {DAF201A5-0693-4D8C-9A3D-A1408492D1D7}
		{0B257086-C491-4D9B-B1A3-11B18A6A66FF} = {588CEBE4-3429-4C63-92FB-3EEE54BFD41A}
	EndGlobalSection
EndGlobal
